// !$*UTF8*$!
{
	archiveVersion = 1;
	classes = {
	};
	objectVersion = 46;
	objects = {

/* Begin PBXBuildFile section */
		56C11DB91C83B13600064700 /* main.c in Sources */ = {isa = PBXBuildFile; fileRef = 56C11DB81C83B13600064700 /* main.c */; };
		56C11DC01C83B28C00064700 /* OpenGL.framework in Frameworks */ = {isa = PBXBuildFile; fileRef = 56C11DBF1C83B28C00064700 /* OpenGL.framework */; };
		56C11DC21C83B29600064700 /* GLUT.framework in Frameworks */ = {isa = PBXBuildFile; fileRef = 56C11DC11C83B29600064700 /* GLUT.framework */; };
/* End PBXBuildFile section */

/* Begin PBXCopyFilesBuildPhase section */
		56C11DB31C83B13600064700 /* CopyFiles */ = {
			isa = PBXCopyFilesBuildPhase;
			buildActionMask = 2147483647;
			dstPath = /usr/share/man/man1/;
			dstSubfolderSpec = 0;
			files = (
			);
			runOnlyForDeploymentPostprocessing = 1;
		};
/* End PBXCopyFilesBuildPhase section */

/* Begin PBXFileReference section */
		56C11DB51C83B13600064700 /* 3D_project */ = {isa = PBXFileReference; explicitFileType = "compiled.mach-o.executable"; includeInIndex = 0; path = 3D_project; sourceTree = BUILT_PRODUCTS_DIR; };
		56C11DB81C83B13600064700 /* main.c */ = {isa = PBXFileReference; lastKnownFileType = sourcecode.c.c; path = main.c; sourceTree = "<group>"; };
		56C11DBF1C83B28C00064700 /* OpenGL.framework */ = {isa = PBXFileReference; lastKnownFileType = wrapper.framework; name = OpenGL.framework; path = System/Library/Frameworks/OpenGL.framework; sourceTree = SDKROOT; };
		56C11DC11C83B29600064700 /* GLUT.framework */ = {isa = PBXFileReference; lastKnownFileType = wrapper.framework; name = GLUT.framework; path = System/Library/Frameworks/GLUT.framework; sourceTree = SDKROOT; };
/* End PBXFileReference section */

/* Begin PBXFrameworksBuildPhase section */
		56C11DB21C83B13600064700 /* Frameworks */ = {
			isa = PBXFrameworksBuildPhase;
			buildActionMask = 2147483647;
			files = (
				56C11DC21C83B29600064700 /* GLUT.framework in Frameworks */,
				56C11DC01C83B28C00064700 /* OpenGL.framework in Frameworks */,
			);
			runOnlyForDeploymentPostprocessing = 0;
		};
/* End PBXFrameworksBuildPhase section */

/* Begin PBXGroup section */
		56C11DAC1C83B13600064700 = {
			isa = PBXGroup;
			children = (
				56C11DC11C83B29600064700 /* GLUT.framework */,
				56C11DBF1C83B28C00064700 /* OpenGL.framework */,
				56C11DB71C83B13600064700 /* 3D_project */,
				56C11DB61C83B13600064700 /* Products */,
			);
			sourceTree = "<group>";
		};
		56C11DB61C83B13600064700 /* Products */ = {
			isa = PBXGroup;
			children = (
				56C11DB51C83B13600064700 /* 3D_project */,
			);
			name = Products;
			sourceTree = "<group>";
		};
		56C11DB71C83B13600064700 /* 3D_project */ = {
			isa = PBXGroup;
			children = (
				56C11DB81C83B13600064700 /* main.c */,
			);
			path = 3D_project;
			sourceTree = "<group>";
		};
/* End PBXGroup section */

/* Begin PBXNativeTarget section */
		56C11DB41C83B13600064700 /* 3D_project */ = {
			isa = PBXNativeTarget;
			buildConfigurationList = 56C11DBC1C83B13600064700 /* Build configuration list for PBXNativeTarget "3D_project" */;
			buildPhases = (
				56C11DB11C83B13600064700 /* Sources */,
				56C11DB21C83B13600064700 /* Frameworks */,
				56C11DB31C83B13600064700 /* CopyFiles */,
			);
			buildRules = (
			);
			dependencies = (
			);
			name = 3D_project;
			productName = 3D_project;
			productReference = 56C11DB51C83B13600064700 /* 3D_project */;
			productType = "com.apple.product-type.tool";
		};
/* End PBXNativeTarget section */

/* Begin PBXProject section */
		56C11DAD1C83B13600064700 /* Project object */ = {
			isa = PBXProject;
			attributes = {
				LastUpgradeCheck = 0710;
				ORGANIZATIONNAME = LiuHengyue;
				TargetAttributes = {
					56C11DB41C83B13600064700 = {
						CreatedOnToolsVersion = 7.1.1;
					};
				};
			};
			buildConfigurationList = 56C11DB01C83B13600064700 /* Build configuration list for PBXProject "3D_project" */;
			compatibilityVersion = "Xcode 3.2";
			developmentRegion = English;
			hasScannedForEncodings = 0;
			knownRegions = (
				en,
			);
			mainGroup = 56C11DAC1C83B13600064700;
			productRefGroup = 56C11DB61C83B13600064700 /* Products */;
			projectDirPath = "";
			projectRoot = "";
			targets = (
				56C11DB41C83B13600064700 /* 3D_project */,
			);
		};
/* End PBXProject section */

/* Begin PBXSourcesBuildPhase section */
		56C11DB11C83B13600064700 /* Sources */ = {
			isa = PBXSourcesBuildPhase;
			buildActionMask = 2147483647;
			files = (
				56C11DB91C83B13600064700 /* main.c in Sources */,
			);
			runOnlyForDeploymentPostprocessing = 0;
		};
/* End PBXSourcesBuildPhase section */

/* Begin XCBuildConfiguration section */
		56C11DBA1C83B13600064700 /* Debug */ = {
			isa = XCBuildConfiguration;
			buildSettings = {
				ALWAYS_SEARCH_USER_PATHS = NO;
				CLANG_CXX_LANGUAGE_STANDARD = "gnu++0x";
				CLANG_CXX_LIBRARY = "libc++";
				CLANG_ENABLE_MODULES = YES;
				CLANG_ENABLE_OBJC_ARC = YES;
				CLANG_WARN_BOOL_CONVERSION = YES;
				CLANG_WARN_CONSTANT_CONVERSION = YES;
				CLANG_WARN_DIRECT_OBJC_ISA_USAGE = YES_ERROR;
				CLANG_WARN_EMPTY_BODY = YES;
				CLANG_WARN_ENUM_CONVERSION = YES;
				CLANG_WARN_INT_CONVERSION = YES;
				CLANG_WARN_OBJC_ROOT_CLASS = YES_ERROR;
				CLANG_WARN_UNREACHABLE_CODE = YES;
				CLANG_WARN__DUPLICATE_METHOD_MATCH = YES;
				CODE_SIGN_IDENTITY = "-";
				COPY_PHASE_STRIP = NO;
				DEBUG_INFORMATION_FORMAT = dwarf;
				ENABLE_STRICT_OBJC_MSGSEND = YES;
				ENABLE_TESTABILITY = YES;
				GCC_C_LANGUAGE_STANDARD = gnu99;
				GCC_DYNAMIC_NO_PIC = NO;
				GCC_NO_COMMON_BLOCKS = YES;
				GCC_OPTIMIZATION_LEVEL = 0;
				GCC_PREPROCESSOR_DEFINITIONS = (
					"DEBUG=1",
					"$(inherited)",
				);
				GCC_WARN_64_TO_32_BIT_CONVERSION = YES;
				GCC_WARN_ABOUT_RETURN_TYPE = YES_ERROR;
				GCC_WARN_UNDECLARED_SELECTOR = YES;
				GCC_WARN_UNINITIALIZED_AUTOS = YES_AGGRESSIVE;
				GCC_WARN_UNUSED_FUNCTION = YES;
				GCC_WARN_UNUSED_VARIABLE = YES;
				MACOSX_DEPLOYMENT_TARGET = 10.11;
				MTL_ENABLE_DEBUG_INFO = YES;
				ONLY_ACTIVE_ARCH = YES;
				SDKROOT = macosx;
			};
			name = Debug;
		};
		56C11DBB1C83B13600064700 /* Release */ = {
			isa = XCBuildConfiguration;
			buildSettings = {
				ALWAYS_SEARCH_USER_PATHS = NO;
				CLANG_CXX_LANGUAGE_STANDARD = "gnu++0x";
				CLANG_CXX_LIBRARY = "libc++";
				CLANG_ENABLE_MODULES = YES;
				CLANG_ENABLE_OBJC_ARC = YES;
				CLANG_WARN_BOOL_CONVERSION = YES;
				CLANG_WARN_CONSTANT_CONVERSION = YES;
				CLANG_WARN_DIRECT_OBJC_ISA_USAGE = YES_ERROR;
				CLANG_WARN_EMPTY_BODY = YES;
				CLANG_WARN_ENUM_CONVERSION = YES;
				CLANG_WARN_INT_CONVERSION = YES;
				CLANG_WARN_OBJC_ROOT_CLASS = YES_ERROR;
				CLANG_WARN_UNREACHABLE_CODE = YES;
				CLANG_WARN__DUPLICATE_METHOD_MATCH = YES;
				CODE_SIGN_IDENTITY = "-";
				COPY_PHASE_STRIP = NO;
				DEBUG_INFORMATION_FORMAT = "dwarf-with-dsym";
				ENABLE_NS_ASSERTIONS = NO;
				ENABLE_STRICT_OBJC_MSGSEND = YES;
				GCC_C_LANGUAGE_STANDARD = gnu99;
				GCC_NO_COMMON_BLOCKS = YES;
				GCC_WARN_64_TO_32_BIT_CONVERSION = YES;
				GCC_WARN_ABOUT_RETURN_TYPE = YES_ERROR;
				GCC_WARN_UNDECLARED_SELECTOR = YES;
				GCC_WARN_UNINITIALIZED_AUTOS = YES_AGGRESSIVE;
				GCC_WARN_UNUSED_FUNCTION = YES;
				GCC_WARN_UNUSED_VARIABLE = YES;
				MACOSX_DEPLOYMENT_TARGET = 10.11;
				MTL_ENABLE_DEBUG_INFO = NO;
				SDKROOT = macosx;
			};
			name = Release;
		};
		56C11DBD1C83B13600064700 /* Debug */ = {
			isa = XCBuildConfiguration;
			buildSettings = {
				PRODUCT_NAME = "$(TARGET_NAME)";
			};
			name = Debug;
		};
		56C11DBE1C83B13600064700 /* Release */ = {
			isa = XCBuildConfiguration;
			buildSettings = {
				PRODUCT_NAME = "$(TARGET_NAME)";
			};
			name = Release;
		};
/* End XCBuildConfiguration section */

/* Begin XCConfigurationList section */
		56C11DB01C83B13600064700 /* Build configuration list for PBXProject "3D_project" */ = {
			isa = XCConfigurationList;
			buildConfigurations = (
				56C11DBA1C83B13600064700 /* Debug */,
				56C11DBB1C83B13600064700 /* Release */,
			);
			defaultConfigurationIsVisible = 0;
			defaultConfigurationName = Release;
		};
		56C11DBC1C83B13600064700 /* Build configuration list for PBXNativeTarget "3D_project" */ = {
			isa = XCConfigurationList;
			buildConfigurations = (
				56C11DBD1C83B13600064700 /* Debug */,
				56C11DBE1C83B13600064700 /* Release */,
			);
			defaultConfigurationIsVisible = 0;
			defaultConfigurationName = Release;
		};
/* End XCConfigurationList section */
	};
	rootObject = 56C11DAD1C83B13600064700 /* Project object */;
}
